
Microsoft Visual Studio Solution File, Format Version 12.00
# Visual Studio Version 16
VisualStudioVersion = 16.0.32602.291
MinimumVisualStudioVersion = 10.0.40219.1
Project("{FAE04EC0-301F-11D3-BF4B-00C04F79EFBC}") = "EmpleadoDepartamentoSolucion", "EmpleadoDepartamentoSolucion.csproj", "{8F1D2AD6-DA12-4544-9E2A-D98A14CA3CBC}"
EndProject
Global
	GlobalSection(SolutionConfigurationPlatforms) = preSolution
		Debug|Any CPU = Debug|Any CPU
		Release|Any CPU = Release|Any CPU
	EndGlobalSection
	GlobalSection(ProjectConfigurationPlatforms) = postSolution
		{8F1D2AD6-DA12-4544-9E2A-D98A14CA3CBC}.Debug|Any CPU.ActiveCfg = Debug|Any CPU
		{8F1D2AD6-DA12-4544-9E2A-D98A14CA3CBC}.Debug|Any CPU.Build.0 = Debug|Any CPU
		{8F1D2AD6-DA12-4544-9E2A-D98A14CA3CBC}.Release|Any CPU.ActiveCfg = Release|Any CPU
		{8F1D2AD6-DA12-4544-9E2A-D98A14CA3CBC}.Release|Any CPU.Build.0 = Release|Any CPU
	EndGlobalSection
	GlobalSection(SolutionProperties) = preSolution
		HideSolutionNode = FALSE
	EndGlobalSection
	GlobalSection(ExtensibilityGlobals) = postSolution
		SolutionGuid = {895F5BD1-1222-4EC9-A67F-7D739E2C7344}
	EndGlobalSection
EndGlobal
